
Microsoft Visual Studio Solution File, Format Version 12.00
# Visual Studio Version 17
VisualStudioVersion = 17.11.35303.130
MinimumVisualStudioVersion = 10.0.40219.1
Project("{FAE04EC0-301F-11D3-BF4B-00C04F79EFBC}") = "WindowsFormsAppHelpGeek", "WindowsFormsAppHelpGeek\WindowsFormsAppHelpGeek.csproj", "{1B00DD99-CB02-440E-A681-2605311A14B4}"
EndProject
Global
	GlobalSection(SolutionConfigurationPlatforms) = preSolution
		Debug|Any CPU = Debug|Any CPU
		Release|Any CPU = Release|Any CPU
	EndGlobalSection
	GlobalSection(ProjectConfigurationPlatforms) = postSolution
		{1B00DD99-CB02-440E-A681-2605311A14B4}.Debug|Any CPU.ActiveCfg = Debug|Any CPU
		{1B00DD99-CB02-440E-A681-2605311A14B4}.Debug|Any CPU.Build.0 = Debug|Any CPU
		{1B00DD99-CB02-440E-A681-2605311A14B4}.Release|Any CPU.ActiveCfg = Release|Any CPU
		{1B00DD99-CB02-440E-A681-2605311A14B4}.Release|Any CPU.Build.0 = Release|Any CPU
	EndGlobalSection
	GlobalSection(SolutionProperties) = preSolution
		HideSolutionNode = FALSE
	EndGlobalSection
	GlobalSection(ExtensibilityGlobals) = postSolution
		SolutionGuid = {7F8747F8-859A-423F-9E4D-3467C2EFAF24}
	EndGlobalSection
EndGlobal
